{
  "name": "web-project",
  "version": "1.0.0",
  "lockfileVersion": 1,
  "requires": true,
  "dependencies": {
    "@fortawesome/fontawesome-free": {
      "version": "5.15.1",
      "resolved": "https://registry.npmjs.org/@fortawesome/fontawesome-free/-/fontawesome-free-5.15.1.tgz",
      "integrity": "sha512-OEdH7SyC1suTdhBGW91/zBfR6qaIhThbcN8PUXtXilY4GYnSBbVqOntdHbC1vXwsDnX0Qix2m2+DSU1J51ybOQ=="
    },
    "bootstrap": {
      "version": "4.5.3",
      "resolved": "https://registry.npmjs.org/bootstrap/-/bootstrap-4.5.3.tgz",
      "integrity": "sha512-o9ppKQioXGqhw8Z7mah6KdTYpNQY//tipnkxppWhPbiSWdD+1raYsnhwEZjkTHYbGee4cVQ0Rx65EhOY/HNLcQ=="
    },
    "bootstrap-icons": {
      "version": "1.2.2",
      "resolved": "https://registry.npmjs.org/bootstrap-icons/-/bootstrap-icons-1.2.2.tgz",
      "integrity": "sha512-7rFICA7E/CgYLvu8zYtd2wMZYhYPQ0GtogZtQyJz/3melCGeQ76qas5wItIEwiUNmtZWg2SP2p8Ekxy3Nk7vvg=="
    },
    "datatables": {
      "version": "1.10.18",
      "resolved": "https://registry.npmjs.org/datatables/-/datatables-1.10.18.tgz",
      "integrity": "sha512-ntatMgS9NN6UMpwbmO+QkYJuKlVeMA2Mi0Gu/QxyIh+dW7ZjLSDhPT2tWlzjpIWEkDYgieDzS9Nu7bdQCW0sbQ==",
      "requires": {
        "jquery": ">=1.7"
      }
    },
    "datatables-bootstrap": {
      "version": "0.0.1",
      "resolved": "https://registry.npmjs.org/datatables-bootstrap/-/datatables-bootstrap-0.0.1.tgz",
      "integrity": "sha1-MfFpFiO77Yf+tyyDaC0edco/xvk=",
      "requires": {
        "datatables": ">=1.10.0",
        "jquery": ">=1.7.0"
      }
    },
    "datatables.net": {
      "version": "1.10.23",
      "resolved": "https://registry.npmjs.org/datatables.net/-/datatables.net-1.10.23.tgz",
      "integrity": "sha512-we3tlNkzpxvgkKKlTxTMXPCt35untVXNg8zUYWpQyC1U5vJc+lT0+Zdc1ztK8d3lh5CfdnuFde2p8n3XwaGl3Q==",
      "requires": {
        "jquery": ">=1.7"
      }
    },
    "datatables.net-bs4": {
      "version": "1.10.23",
      "resolved": "https://registry.npmjs.org/datatables.net-bs4/-/datatables.net-bs4-1.10.23.tgz",
      "integrity": "sha512-ChUB8t5t5uzPnJYTPXx2DOvnlm2shz8OadXrKoFavOadB308OuwHVxSldYq9+KGedCeiVxEjNqcaV4nFSXkRsw==",
      "requires": {
        "datatables.net": "1.10.23",
        "jquery": ">=1.7"
      }
    },
    "datatables.net-dt": {
      "version": "1.10.23",
      "resolved": "https://registry.npmjs.org/datatables.net-dt/-/datatables.net-dt-1.10.23.tgz",
      "integrity": "sha512-Iky6RAKXKv/cZ4mfQRyHHGOdD1GyV9YuvGQrPCl5qqh+ENqaWphOiWVW/vqDsgDaVjvLwLfeRNMbmnf3w9sRRg==",
      "requires": {
        "datatables.net": "1.10.23",
        "jquery": ">=1.7"
      }
    },
    "jquery": {
      "version": "3.5.1",
      "resolved": "https://registry.npmjs.org/jquery/-/jquery-3.5.1.tgz",
      "integrity": "sha512-XwIBPqcMn57FxfT+Go5pzySnm4KWkT1Tv7gjrpT1srtf8Weynl6R273VJ5GjkRb51IzMp5nbaPjJXMWeju2MKg=="
    },
    "popper.js": {
      "version": "1.16.1",
      "resolved": "https://registry.npmjs.org/popper.js/-/popper.js-1.16.1.tgz",
      "integrity": "sha512-Wb4p1J4zyFTbM+u6WuO4XstYx4Ky9Cewe4DWrel7B0w6VVICvPwdOpotjzcf6eD8TsckVnIMNONQyPIUFOUbCQ=="
    }
  }
}
